
Microsoft Visual Studio Solution File, Format Version 12.00
# Visual Studio Version 17
VisualStudioVersion = 17.0.32014.148
MinimumVisualStudioVersion = 10.0.40219.1
Project("{2150E333-8FDC-42A3-9474-1A3956D46DE8}") = "Solution Items", "Solution Items", "{2D83346D-D217-4129-BCE3-30A0911A1606}"
	ProjectSection(SolutionItems) = preProject
		README.md = README.md
	EndProjectSection
EndProject
Project("{9A19103F-16F7-4668-BE54-9A1E7A4F7556}") = "Data.Models", "src\Data\Data.Models\Data.Models.csproj", "{14F42AD6-A601-4DD8-B6F2-A69D4F74D2D5}"
EndProject
Project("{9A19103F-16F7-4668-BE54-9A1E7A4F7556}") = "Data.Infrastructure", "src\Data\Data.Infrastructure\Data.Infrastructure.csproj", "{C005B8DD-CF1C-4A7D-8EEA-A1D64ED88527}"
EndProject
Project("{9A19103F-16F7-4668-BE54-9A1E7A4F7556}") = "Data.Services", "src\Data\Data.Services\Data.Services.csproj", "{81B32043-7F21-48CE-943B-7FD4BC76CF3B}"
EndProject
Project("{9A19103F-16F7-4668-BE54-9A1E7A4F7556}") = "Data.Common", "src\Data\Data.Common\Data.Common.csproj", "{2C81C301-3425-4A3A-B561-F7922F41B74B}"
EndProject
Project("{9A19103F-16F7-4668-BE54-9A1E7A4F7556}") = "Data.WarehouseContext", "src\Data\Data.WarehouseContext\Data.WarehouseContext.csproj", "{EE8802DF-6C29-4D5A-A61A-F7E1A614E674}"
EndProject
Project("{9A19103F-16F7-4668-BE54-9A1E7A4F7556}") = "ClientSide.API", "src\ClientSide\ClientSide.API\ClientSide.API.csproj", "{7D6119D1-2830-41B9-822C-129CE7B64F3E}"
EndProject
Project("{2150E333-8FDC-42A3-9474-1A3956D46DE8}") = "Tests", "Tests", "{3F005559-082C-42F1-A194-D557C2C7EB94}"
EndProject
Project("{FAE04EC0-301F-11D3-BF4B-00C04F79EFBC}") = "Tests.TestServices", "src\Tests\Tests.TestServices\Tests.TestServices.csproj", "{B26E7E43-840C-43EE-BDCC-31AA2A149B1B}"
EndProject
Global
	GlobalSection(SolutionConfigurationPlatforms) = preSolution
		Debug|Any CPU = Debug|Any CPU
		Release|Any CPU = Release|Any CPU
	EndGlobalSection
	GlobalSection(ProjectConfigurationPlatforms) = postSolution
		{14F42AD6-A601-4DD8-B6F2-A69D4F74D2D5}.Debug|Any CPU.ActiveCfg = Debug|Any CPU
		{14F42AD6-A601-4DD8-B6F2-A69D4F74D2D5}.Debug|Any CPU.Build.0 = Debug|Any CPU
		{14F42AD6-A601-4DD8-B6F2-A69D4F74D2D5}.Release|Any CPU.ActiveCfg = Release|Any CPU
		{14F42AD6-A601-4DD8-B6F2-A69D4F74D2D5}.Release|Any CPU.Build.0 = Release|Any CPU
		{C005B8DD-CF1C-4A7D-8EEA-A1D64ED88527}.Debug|Any CPU.ActiveCfg = Debug|Any CPU
		{C005B8DD-CF1C-4A7D-8EEA-A1D64ED88527}.Debug|Any CPU.Build.0 = Debug|Any CPU
		{C005B8DD-CF1C-4A7D-8EEA-A1D64ED88527}.Release|Any CPU.ActiveCfg = Release|Any CPU
		{C005B8DD-CF1C-4A7D-8EEA-A1D64ED88527}.Release|Any CPU.Build.0 = Release|Any CPU
		{81B32043-7F21-48CE-943B-7FD4BC76CF3B}.Debug|Any CPU.ActiveCfg = Debug|Any CPU
		{81B32043-7F21-48CE-943B-7FD4BC76CF3B}.Debug|Any CPU.Build.0 = Debug|Any CPU
		{81B32043-7F21-48CE-943B-7FD4BC76CF3B}.Release|Any CPU.ActiveCfg = Release|Any CPU
		{81B32043-7F21-48CE-943B-7FD4BC76CF3B}.Release|Any CPU.Build.0 = Release|Any CPU
		{2C81C301-3425-4A3A-B561-F7922F41B74B}.Debug|Any CPU.ActiveCfg = Debug|Any CPU
		{2C81C301-3425-4A3A-B561-F7922F41B74B}.Debug|Any CPU.Build.0 = Debug|Any CPU
		{2C81C301-3425-4A3A-B561-F7922F41B74B}.Release|Any CPU.ActiveCfg = Release|Any CPU
		{2C81C301-3425-4A3A-B561-F7922F41B74B}.Release|Any CPU.Build.0 = Release|Any CPU
		{EE8802DF-6C29-4D5A-A61A-F7E1A614E674}.Debug|Any CPU.ActiveCfg = Debug|Any CPU
		{EE8802DF-6C29-4D5A-A61A-F7E1A614E674}.Debug|Any CPU.Build.0 = Debug|Any CPU
		{EE8802DF-6C29-4D5A-A61A-F7E1A614E674}.Release|Any CPU.ActiveCfg = Release|Any CPU
		{EE8802DF-6C29-4D5A-A61A-F7E1A614E674}.Release|Any CPU.Build.0 = Release|Any CPU
		{7D6119D1-2830-41B9-822C-129CE7B64F3E}.Debug|Any CPU.ActiveCfg = Debug|Any CPU
		{7D6119D1-2830-41B9-822C-129CE7B64F3E}.Debug|Any CPU.Build.0 = Debug|Any CPU
		{7D6119D1-2830-41B9-822C-129CE7B64F3E}.Release|Any CPU.ActiveCfg = Release|Any CPU
		{7D6119D1-2830-41B9-822C-129CE7B64F3E}.Release|Any CPU.Build.0 = Release|Any CPU
		{B26E7E43-840C-43EE-BDCC-31AA2A149B1B}.Debug|Any CPU.ActiveCfg = Debug|Any CPU
		{B26E7E43-840C-43EE-BDCC-31AA2A149B1B}.Debug|Any CPU.Build.0 = Debug|Any CPU
		{B26E7E43-840C-43EE-BDCC-31AA2A149B1B}.Release|Any CPU.ActiveCfg = Release|Any CPU
		{B26E7E43-840C-43EE-BDCC-31AA2A149B1B}.Release|Any CPU.Build.0 = Release|Any CPU
	EndGlobalSection
	GlobalSection(SolutionProperties) = preSolution
		HideSolutionNode = FALSE
	EndGlobalSection
	GlobalSection(NestedProjects) = preSolution
		{B26E7E43-840C-43EE-BDCC-31AA2A149B1B} = {3F005559-082C-42F1-A194-D557C2C7EB94}
	EndGlobalSection
	GlobalSection(ExtensibilityGlobals) = postSolution
		SolutionGuid = {D283A1DE-D4E0-43F8-9DBB-468AB9C28ADC}
	EndGlobalSection
EndGlobal
